
Microsoft Visual Studio Solution File, Format Version 12.00
# Visual Studio Version 16
VisualStudioVersion = 16.0.30503.244
MinimumVisualStudioVersion = 10.0.40219.1
Project("{9A19103F-16F7-4668-BE54-9A1E7A4F7556}") = "EmployeeWage", "EmployeeWage\EmployeeWage.csproj", "{2F45B945-201C-478D-8184-114B0A7CB314}"
EndProject
Project("{9A19103F-16F7-4668-BE54-9A1E7A4F7556}") = "UC2", "EmployeeWage2\UC2.csproj", "{19369C90-2EED-463E-8997-E6F9813F0445}"
EndProject
Project("{9A19103F-16F7-4668-BE54-9A1E7A4F7556}") = "UC3", "UC3\UC3.csproj", "{E03A642E-9CFA-496D-ACF3-B0AA331D8E16}"
EndProject
Project("{FAE04EC0-301F-11D3-BF4B-00C04F79EFBC}") = "UC4", "UC4\UC4.csproj", "{4961539C-4D92-42D2-8145-4250E0D1B472}"
EndProject
Global
	GlobalSection(SolutionConfigurationPlatforms) = preSolution
		Debug|Any CPU = Debug|Any CPU
		Release|Any CPU = Release|Any CPU
	EndGlobalSection
	GlobalSection(ProjectConfigurationPlatforms) = postSolution
		{2F45B945-201C-478D-8184-114B0A7CB314}.Debug|Any CPU.ActiveCfg = Debug|Any CPU
		{2F45B945-201C-478D-8184-114B0A7CB314}.Debug|Any CPU.Build.0 = Debug|Any CPU
		{2F45B945-201C-478D-8184-114B0A7CB314}.Release|Any CPU.ActiveCfg = Release|Any CPU
		{2F45B945-201C-478D-8184-114B0A7CB314}.Release|Any CPU.Build.0 = Release|Any CPU
		{19369C90-2EED-463E-8997-E6F9813F0445}.Debug|Any CPU.ActiveCfg = Debug|Any CPU
		{19369C90-2EED-463E-8997-E6F9813F0445}.Debug|Any CPU.Build.0 = Debug|Any CPU
		{19369C90-2EED-463E-8997-E6F9813F0445}.Release|Any CPU.ActiveCfg = Release|Any CPU
		{19369C90-2EED-463E-8997-E6F9813F0445}.Release|Any CPU.Build.0 = Release|Any CPU
		{E03A642E-9CFA-496D-ACF3-B0AA331D8E16}.Debug|Any CPU.ActiveCfg = Debug|Any CPU
		{E03A642E-9CFA-496D-ACF3-B0AA331D8E16}.Debug|Any CPU.Build.0 = Debug|Any CPU
		{E03A642E-9CFA-496D-ACF3-B0AA331D8E16}.Release|Any CPU.ActiveCfg = Release|Any CPU
		{E03A642E-9CFA-496D-ACF3-B0AA331D8E16}.Release|Any CPU.Build.0 = Release|Any CPU
		{4961539C-4D92-42D2-8145-4250E0D1B472}.Debug|Any CPU.ActiveCfg = Debug|Any CPU
		{4961539C-4D92-42D2-8145-4250E0D1B472}.Debug|Any CPU.Build.0 = Debug|Any CPU
		{4961539C-4D92-42D2-8145-4250E0D1B472}.Release|Any CPU.ActiveCfg = Release|Any CPU
		{4961539C-4D92-42D2-8145-4250E0D1B472}.Release|Any CPU.Build.0 = Release|Any CPU
	EndGlobalSection
	GlobalSection(SolutionProperties) = preSolution
		HideSolutionNode = FALSE
	EndGlobalSection
	GlobalSection(ExtensibilityGlobals) = postSolution
		SolutionGuid = {66769E74-EE81-4443-917F-082C917ACE17}
	EndGlobalSection
EndGlobal
